
Microsoft Visual Studio Solution File, Format Version 11.00
# Visual Studio 2010
# SharpDevelop 4.4
Project("{FAE04EC0-301F-11D3-BF4B-00C04F79EFBC}") = "Log in", "Log in\Log in.csproj", "{45D8E2C5-59D5-4FD0-9C05-7F02E8C49AA9}"
EndProject
Global
	GlobalSection(SolutionConfigurationPlatforms) = preSolution
		Debug|Any CPU = Debug|Any CPU
		Release|Any CPU = Release|Any CPU
	EndGlobalSection
	GlobalSection(ProjectConfigurationPlatforms) = postSolution
		{45D8E2C5-59D5-4FD0-9C05-7F02E8C49AA9}.Debug|Any CPU.Build.0 = Debug|Any CPU
		{45D8E2C5-59D5-4FD0-9C05-7F02E8C49AA9}.Debug|Any CPU.ActiveCfg = Debug|Any CPU
		{45D8E2C5-59D5-4FD0-9C05-7F02E8C49AA9}.Release|Any CPU.Build.0 = Release|Any CPU
		{45D8E2C5-59D5-4FD0-9C05-7F02E8C49AA9}.Release|Any CPU.ActiveCfg = Release|Any CPU
	EndGlobalSection
EndGlobal
